// !$*UTF8*$!
{
	archiveVersion = 1;
	classes = {
	};
	objectVersion = 55;
	objects = {

/* Begin PBXBuildFile section */
		FF56C04127FD5507003B9057 /* Shaders.metal in Sources */ = {isa = PBXBuildFile; fileRef = FF56C04027FD5507003B9057 /* Shaders.metal */; };
		FF56C04327FD573E003B9057 /* Primitive.swift in Sources */ = {isa = PBXBuildFile; fileRef = FF56C04227FD573E003B9057 /* Primitive.swift */; };
		FF85AC2927FFBE4400B14D49 /* train.obj in Resources */ = {isa = PBXBuildFile; fileRef = FF85AC2727FFBE4400B14D49 /* train.obj */; };
		FF85AC2A27FFBE4400B14D49 /* train.mtl in Resources */ = {isa = PBXBuildFile; fileRef = FF85AC2827FFBE4400B14D49 /* train.mtl */; };
		FFC9043A27FFC84B002B5754 /* Hearth in Frameworks */ = {isa = PBXBuildFile; productRef = FFC9043927FFC84B002B5754 /* Hearth */; };
		FFC9043C27FFC84F002B5754 /* Velour in Frameworks */ = {isa = PBXBuildFile; productRef = FFC9043B27FFC84F002B5754 /* Velour */; };
		FFDF9AFC27F61F180069A7D0 /* MetalRendererApp.swift in Sources */ = {isa = PBXBuildFile; fileRef = FFDF9AFB27F61F180069A7D0 /* MetalRendererApp.swift */; };
		FFDF9AFE27F61F180069A7D0 /* ContentView.swift in Sources */ = {isa = PBXBuildFile; fileRef = FFDF9AFD27F61F180069A7D0 /* ContentView.swift */; };
		FFDF9B0027F61F1F0069A7D0 /* Assets.xcassets in Resources */ = {isa = PBXBuildFile; fileRef = FFDF9AFF27F61F1F0069A7D0 /* Assets.xcassets */; };
		FFDF9B0327F61F1F0069A7D0 /* Preview Assets.xcassets in Resources */ = {isa = PBXBuildFile; fileRef = FFDF9B0227F61F1F0069A7D0 /* Preview Assets.xcassets */; };
/* End PBXBuildFile section */

/* Begin PBXFileReference section */
		FF56C03B27FD4672003B9057 /* Renderer.swift */ = {isa = PBXFileReference; lastKnownFileType = sourcecode.swift; path = Renderer.swift; sourceTree = "<group>"; };
		FF56C04027FD5507003B9057 /* Shaders.metal */ = {isa = PBXFileReference; lastKnownFileType = sourcecode.metal; path = Shaders.metal; sourceTree = "<group>"; };
		FF56C04227FD573E003B9057 /* Primitive.swift */ = {isa = PBXFileReference; lastKnownFileType = sourcecode.swift; path = Primitive.swift; sourceTree = "<group>"; };
		FF85AC2727FFBE4400B14D49 /* train.obj */ = {isa = PBXFileReference; fileEncoding = 4; lastKnownFileType = text; path = train.obj; sourceTree = "<group>"; };
		FF85AC2827FFBE4400B14D49 /* train.mtl */ = {isa = PBXFileReference; fileEncoding = 4; lastKnownFileType = text; path = train.mtl; sourceTree = "<group>"; };
		FFC9043327FFC3B5002B5754 /* Velour */ = {isa = PBXFileReference; lastKnownFileType = wrapper; path = Velour; sourceTree = "<group>"; };
		FFC9043727FFC56A002B5754 /* Hearth */ = {isa = PBXFileReference; lastKnownFileType = text; path = Hearth; sourceTree = SOURCE_ROOT; };
		FFDF9AF827F61F180069A7D0 /* MetalRenderer.app */ = {isa = PBXFileReference; explicitFileType = wrapper.application; includeInIndex = 0; path = MetalRenderer.app; sourceTree = BUILT_PRODUCTS_DIR; };
		FFDF9AFB27F61F180069A7D0 /* MetalRendererApp.swift */ = {isa = PBXFileReference; lastKnownFileType = sourcecode.swift; path = MetalRendererApp.swift; sourceTree = "<group>"; };
		FFDF9AFD27F61F180069A7D0 /* ContentView.swift */ = {isa = PBXFileReference; lastKnownFileType = sourcecode.swift; path = ContentView.swift; sourceTree = "<group>"; };
		FFDF9AFF27F61F1F0069A7D0 /* Assets.xcassets */ = {isa = PBXFileReference; lastKnownFileType = folder.assetcatalog; path = Assets.xcassets; sourceTree = "<group>"; };
		FFDF9B0227F61F1F0069A7D0 /* Preview Assets.xcassets */ = {isa = PBXFileReference; lastKnownFileType = folder.assetcatalog; path = "Preview Assets.xcassets"; sourceTree = "<group>"; };
/* End PBXFileReference section */

/* Begin PBXFrameworksBuildPhase section */
		FFDF9AF527F61F180069A7D0 /* Frameworks */ = {
			isa = PBXFrameworksBuildPhase;
			buildActionMask = 2147483647;
			files = (
				FFC9043A27FFC84B002B5754 /* Hearth in Frameworks */,
				FFC9043C27FFC84F002B5754 /* Velour in Frameworks */,
			);
			runOnlyForDeploymentPostprocessing = 0;
		};
/* End PBXFrameworksBuildPhase section */

/* Begin PBXGroup section */
		FF85AC2627FFBE4400B14D49 /* Models */ = {
			isa = PBXGroup;
			children = (
				FF85AC2727FFBE4400B14D49 /* train.obj */,
				FF85AC2827FFBE4400B14D49 /* train.mtl */,
			);
			path = Models;
			sourceTree = "<group>";
		};
		FFC9043427FFC46B002B5754 /* Forge */ = {
			isa = PBXGroup;
			children = (
			);
			path = Forge;
			sourceTree = "<group>";
		};
		FFC9043827FFC84B002B5754 /* Frameworks */ = {
			isa = PBXGroup;
			children = (
			);
			name = Frameworks;
			sourceTree = "<group>";
		};
		FFDF9AEF27F61F180069A7D0 = {
			isa = PBXGroup;
			children = (
				FFC9043727FFC56A002B5754 /* Hearth */,
				FFC9043327FFC3B5002B5754 /* Velour */,
				FFDF9AFA27F61F180069A7D0 /* MetalRenderer */,
				FFDF9AF927F61F180069A7D0 /* Products */,
				FFC9043827FFC84B002B5754 /* Frameworks */,
			);
			sourceTree = "<group>";
		};
		FFDF9AF927F61F180069A7D0 /* Products */ = {
			isa = PBXGroup;
			children = (
				FFDF9AF827F61F180069A7D0 /* MetalRenderer.app */,
			);
			name = Products;
			sourceTree = "<group>";
		};
		FFDF9AFA27F61F180069A7D0 /* MetalRenderer */ = {
			isa = PBXGroup;
			children = (
				FFC9043427FFC46B002B5754 /* Forge */,
				FF85AC2627FFBE4400B14D49 /* Models */,
				FF56C04027FD5507003B9057 /* Shaders.metal */,
				FF56C04227FD573E003B9057 /* Primitive.swift */,
				FF56C03B27FD4672003B9057 /* Renderer.swift */,
				FFDF9AFD27F61F180069A7D0 /* ContentView.swift */,
				FFDF9AFB27F61F180069A7D0 /* MetalRendererApp.swift */,
				FFDF9AFF27F61F1F0069A7D0 /* Assets.xcassets */,
				FFDF9B0127F61F1F0069A7D0 /* Preview Content */,
			);
			path = MetalRenderer;
			sourceTree = "<group>";
		};
		FFDF9B0127F61F1F0069A7D0 /* Preview Content */ = {
			isa = PBXGroup;
			children = (
				FFDF9B0227F61F1F0069A7D0 /* Preview Assets.xcassets */,
			);
			path = "Preview Content";
			sourceTree = "<group>";
		};
/* End PBXGroup section */

/* Begin PBXNativeTarget section */
		FFDF9AF727F61F180069A7D0 /* MetalRenderer */ = {
			isa = PBXNativeTarget;
			buildConfigurationList = FFDF9B0627F61F1F0069A7D0 /* Build configuration list for PBXNativeTarget "MetalRenderer" */;
			buildPhases = (
				FFDF9AF427F61F180069A7D0 /* Sources */,
				FFDF9AF527F61F180069A7D0 /* Frameworks */,
				FFDF9AF627F61F180069A7D0 /* Resources */,
			);
			buildRules = (
			);
			dependencies = (
			);
			name = MetalRenderer;
			packageProductDependencies = (
				FFC9043927FFC84B002B5754 /* Hearth */,
				FFC9043B27FFC84F002B5754 /* Velour */,
			);
			productName = MetalRenderer;
			productReference = FFDF9AF827F61F180069A7D0 /* MetalRenderer.app */;
			productType = "com.apple.product-type.application";
		};
/* End PBXNativeTarget section */

/* Begin PBXProject section */
		FFDF9AF027F61F180069A7D0 /* Project object */ = {
			isa = PBXProject;
			attributes = {
				BuildIndependentTargetsInParallel = 1;
				LastSwiftUpdateCheck = 1320;
				LastUpgradeCheck = 1320;
				TargetAttributes = {
					FFDF9AF727F61F180069A7D0 = {
						CreatedOnToolsVersion = 13.2.1;
					};
				};
			};
			buildConfigurationList = FFDF9AF327F61F180069A7D0 /* Build configuration list for PBXProject "MetalRenderer" */;
			compatibilityVersion = "Xcode 13.0";
			developmentRegion = en;
			hasScannedForEncodings = 0;
			knownRegions = (
				en,
				Base,
			);
			mainGroup = FFDF9AEF27F61F180069A7D0;
			productRefGroup = FFDF9AF927F61F180069A7D0 /* Products */;
			projectDirPath = "";
			projectRoot = "";
			targets = (
				FFDF9AF727F61F180069A7D0 /* MetalRenderer */,
			);
		};
/* End PBXProject section */

/* Begin PBXResourcesBuildPhase section */
		FFDF9AF627F61F180069A7D0 /* Resources */ = {
			isa = PBXResourcesBuildPhase;
			buildActionMask = 2147483647;
			files = (
				FFDF9B0327F61F1F0069A7D0 /* Preview Assets.xcassets in Resources */,
				FFDF9B0027F61F1F0069A7D0 /* Assets.xcassets in Resources */,
				FF85AC2A27FFBE4400B14D49 /* train.mtl in Resources */,
				FF85AC2927FFBE4400B14D49 /* train.obj in Resources */,
			);
			runOnlyForDeploymentPostprocessing = 0;
		};
/* End PBXResourcesBuildPhase section */

/* Begin PBXSourcesBuildPhase section */
		FFDF9AF427F61F180069A7D0 /* Sources */ = {
			isa = PBXSourcesBuildPhase;
			buildActionMask = 2147483647;
			files = (
				FF56C04327FD573E003B9057 /* Primitive.swift in Sources */,
				FFDF9AFE27F61F180069A7D0 /* ContentView.swift in Sources */,
				FFDF9AFC27F61F180069A7D0 /* MetalRendererApp.swift in Sources */,
				FF56C04127FD5507003B9057 /* Shaders.metal in Sources */,
			);
			runOnlyForDeploymentPostprocessing = 0;
		};
/* End PBXSourcesBuildPhase section */

/* Begin XCBuildConfiguration section */
		FFDF9B0427F61F1F0069A7D0 /* Debug */ = {
			isa = XCBuildConfiguration;
			buildSettings = {
				ALWAYS_SEARCH_USER_PATHS = NO;
				CLANG_ANALYZER_NONNULL = YES;
				CLANG_ANALYZER_NUMBER_OBJECT_CONVERSION = YES_AGGRESSIVE;
				CLANG_CXX_LANGUAGE_STANDARD = "gnu++17";
				CLANG_CXX_LIBRARY = "libc++";
				CLANG_ENABLE_MODULES = YES;
				CLANG_ENABLE_OBJC_ARC = YES;
				CLANG_ENABLE_OBJC_WEAK = YES;
				CLANG_WARN_BLOCK_CAPTURE_AUTORELEASING = YES;
				CLANG_WARN_BOOL_CONVERSION = YES;
				CLANG_WARN_COMMA = YES;
				CLANG_WARN_CONSTANT_CONVERSION = YES;
				CLANG_WARN_DEPRECATED_OBJC_IMPLEMENTATIONS = YES;
				CLANG_WARN_DIRECT_OBJC_ISA_USAGE = YES_ERROR;
				CLANG_WARN_DOCUMENTATION_COMMENTS = YES;
				CLANG_WARN_EMPTY_BODY = YES;
				CLANG_WARN_ENUM_CONVERSION = YES;
				CLANG_WARN_INFINITE_RECURSION = YES;
				CLANG_WARN_INT_CONVERSION = YES;
				CLANG_WARN_NON_LITERAL_NULL_CONVERSION = YES;
				CLANG_WARN_OBJC_IMPLICIT_RETAIN_SELF = YES;
				CLANG_WARN_OBJC_LITERAL_CONVERSION = YES;
				CLANG_WARN_OBJC_ROOT_CLASS = YES_ERROR;
				CLANG_WARN_QUOTED_INCLUDE_IN_FRAMEWORK_HEADER = YES;
				CLANG_WARN_RANGE_LOOP_ANALYSIS = YES;
				CLANG_WARN_STRICT_PROTOTYPES = YES;
				CLANG_WARN_SUSPICIOUS_MOVE = YES;
				CLANG_WARN_UNGUARDED_AVAILABILITY = YES_AGGRESSIVE;
				CLANG_WARN_UNREACHABLE_CODE = YES;
				CLANG_WARN__DUPLICATE_METHOD_MATCH = YES;
				COPY_PHASE_STRIP = NO;
				DEBUG_INFORMATION_FORMAT = dwarf;
				ENABLE_STRICT_OBJC_MSGSEND = YES;
				ENABLE_TESTABILITY = YES;
				GCC_C_LANGUAGE_STANDARD = gnu11;
				GCC_DYNAMIC_NO_PIC = NO;
				GCC_NO_COMMON_BLOCKS = YES;
				GCC_OPTIMIZATION_LEVEL = 0;
				GCC_PREPROCESSOR_DEFINITIONS = (
					"DEBUG=1",
					"$(inherited)",
				);
				GCC_WARN_64_TO_32_BIT_CONVERSION = YES;
				GCC_WARN_ABOUT_RETURN_TYPE = YES_ERROR;
				GCC_WARN_UNDECLARED_SELECTOR = YES;
				GCC_WARN_UNINITIALIZED_AUTOS = YES_AGGRESSIVE;
				GCC_WARN_UNUSED_FUNCTION = YES;
				GCC_WARN_UNUSED_VARIABLE = YES;
				IPHONEOS_DEPLOYMENT_TARGET = 15.2;
				MTL_ENABLE_DEBUG_INFO = INCLUDE_SOURCE;
				MTL_FAST_MATH = YES;
				ONLY_ACTIVE_ARCH = YES;
				SDKROOT = iphoneos;
				SWIFT_ACTIVE_COMPILATION_CONDITIONS = DEBUG;
				SWIFT_OPTIMIZATION_LEVEL = "-Onone";
			};
			name = Debug;
		};
		FFDF9B0527F61F1F0069A7D0 /* Release */ = {
			isa = XCBuildConfiguration;
			buildSettings = {
				ALWAYS_SEARCH_USER_PATHS = NO;
				CLANG_ANALYZER_NONNULL = YES;
				CLANG_ANALYZER_NUMBER_OBJECT_CONVERSION = YES_AGGRESSIVE;
				CLANG_CXX_LANGUAGE_STANDARD = "gnu++17";
				CLANG_CXX_LIBRARY = "libc++";
				CLANG_ENABLE_MODULES = YES;
				CLANG_ENABLE_OBJC_ARC = YES;
				CLANG_ENABLE_OBJC_WEAK = YES;
				CLANG_WARN_BLOCK_CAPTURE_AUTORELEASING = YES;
				CLANG_WARN_BOOL_CONVERSION = YES;
				CLANG_WARN_COMMA = YES;
				CLANG_WARN_CONSTANT_CONVERSION = YES;
				CLANG_WARN_DEPRECATED_OBJC_IMPLEMENTATIONS = YES;
				CLANG_WARN_DIRECT_OBJC_ISA_USAGE = YES_ERROR;
				CLANG_WARN_DOCUMENTATION_COMMENTS = YES;
				CLANG_WARN_EMPTY_BODY = YES;
				CLANG_WARN_ENUM_CONVERSION = YES;
				CLANG_WARN_INFINITE_RECURSION = YES;
				CLANG_WARN_INT_CONVERSION = YES;
				CLANG_WARN_NON_LITERAL_NULL_CONVERSION = YES;
				CLANG_WARN_OBJC_IMPLICIT_RETAIN_SELF = YES;
				CLANG_WARN_OBJC_LITERAL_CONVERSION = YES;
				CLANG_WARN_OBJC_ROOT_CLASS = YES_ERROR;
				CLANG_WARN_QUOTED_INCLUDE_IN_FRAMEWORK_HEADER = YES;
				CLANG_WARN_RANGE_LOOP_ANALYSIS = YES;
				CLANG_WARN_STRICT_PROTOTYPES = YES;
				CLANG_WARN_SUSPICIOUS_MOVE = YES;
				CLANG_WARN_UNGUARDED_AVAILABILITY = YES_AGGRESSIVE;
				CLANG_WARN_UNREACHABLE_CODE = YES;
				CLANG_WARN__DUPLICATE_METHOD_MATCH = YES;
				COPY_PHASE_STRIP = NO;
				DEBUG_INFORMATION_FORMAT = "dwarf-with-dsym";
				ENABLE_NS_ASSERTIONS = NO;
				ENABLE_STRICT_OBJC_MSGSEND = YES;
				GCC_C_LANGUAGE_STANDARD = gnu11;
				GCC_NO_COMMON_BLOCKS = YES;
				GCC_WARN_64_TO_32_BIT_CONVERSION = YES;
				GCC_WARN_ABOUT_RETURN_TYPE = YES_ERROR;
				GCC_WARN_UNDECLARED_SELECTOR = YES;
				GCC_WARN_UNINITIALIZED_AUTOS = YES_AGGRESSIVE;
				GCC_WARN_UNUSED_FUNCTION = YES;
				GCC_WARN_UNUSED_VARIABLE = YES;
				IPHONEOS_DEPLOYMENT_TARGET = 15.2;
				MTL_ENABLE_DEBUG_INFO = NO;
				MTL_FAST_MATH = YES;
				SDKROOT = iphoneos;
				SWIFT_COMPILATION_MODE = wholemodule;
				SWIFT_OPTIMIZATION_LEVEL = "-O";
				VALIDATE_PRODUCT = YES;
			};
			name = Release;
		};
		FFDF9B0727F61F1F0069A7D0 /* Debug */ = {
			isa = XCBuildConfiguration;
			buildSettings = {
				ASSETCATALOG_COMPILER_APPICON_NAME = AppIcon;
				ASSETCATALOG_COMPILER_GLOBAL_ACCENT_COLOR_NAME = AccentColor;
				CODE_SIGN_STYLE = Automatic;
				CURRENT_PROJECT_VERSION = 1;
				DEVELOPMENT_ASSET_PATHS = "\"MetalRenderer/Preview Content\"";
				DEVELOPMENT_TEAM = M5B635R5MU;
				ENABLE_PREVIEWS = YES;
				GENERATE_INFOPLIST_FILE = YES;
				INFOPLIST_KEY_UIApplicationSceneManifest_Generation = YES;
				INFOPLIST_KEY_UIApplicationSupportsIndirectInputEvents = YES;
				INFOPLIST_KEY_UILaunchScreen_Generation = YES;
				INFOPLIST_KEY_UISupportedInterfaceOrientations_iPad = "UIInterfaceOrientationPortrait UIInterfaceOrientationPortraitUpsideDown UIInterfaceOrientationLandscapeLeft UIInterfaceOrientationLandscapeRight";
				INFOPLIST_KEY_UISupportedInterfaceOrientations_iPhone = "UIInterfaceOrientationPortrait UIInterfaceOrientationLandscapeLeft UIInterfaceOrientationLandscapeRight";
				LD_RUNPATH_SEARCH_PATHS = (
					"$(inherited)",
					"@executable_path/Frameworks",
				);
				MARKETING_VERSION = 1.0;
				PRODUCT_BUNDLE_IDENTIFIER = co.kylestewart.MetalRenderer;
				PRODUCT_NAME = "$(TARGET_NAME)";
				SWIFT_EMIT_LOC_STRINGS = YES;
				SWIFT_VERSION = 5.0;
				TARGETED_DEVICE_FAMILY = "1,2";
			};
			name = Debug;
		};
		FFDF9B0827F61F1F0069A7D0 /* Release */ = {
			isa = XCBuildConfiguration;
			buildSettings = {
				ASSETCATALOG_COMPILER_APPICON_NAME = AppIcon;
				ASSETCATALOG_COMPILER_GLOBAL_ACCENT_COLOR_NAME = AccentColor;
				CODE_SIGN_STYLE = Automatic;
				CURRENT_PROJECT_VERSION = 1;
				DEVELOPMENT_ASSET_PATHS = "\"MetalRenderer/Preview Content\"";
				DEVELOPMENT_TEAM = M5B635R5MU;
				ENABLE_PREVIEWS = YES;
				GENERATE_INFOPLIST_FILE = YES;
				INFOPLIST_KEY_UIApplicationSceneManifest_Generation = YES;
				INFOPLIST_KEY_UIApplicationSupportsIndirectInputEvents = YES;
				INFOPLIST_KEY_UILaunchScreen_Generation = YES;
				INFOPLIST_KEY_UISupportedInterfaceOrientations_iPad = "UIInterfaceOrientationPortrait UIInterfaceOrientationPortraitUpsideDown UIInterfaceOrientationLandscapeLeft UIInterfaceOrientationLandscapeRight";
				INFOPLIST_KEY_UISupportedInterfaceOrientations_iPhone = "UIInterfaceOrientationPortrait UIInterfaceOrientationLandscapeLeft UIInterfaceOrientationLandscapeRight";
				LD_RUNPATH_SEARCH_PATHS = (
					"$(inherited)",
					"@executable_path/Frameworks",
				);
				MARKETING_VERSION = 1.0;
				PRODUCT_BUNDLE_IDENTIFIER = co.kylestewart.MetalRenderer;
				PRODUCT_NAME = "$(TARGET_NAME)";
				SWIFT_EMIT_LOC_STRINGS = YES;
				SWIFT_VERSION = 5.0;
				TARGETED_DEVICE_FAMILY = "1,2";
			};
			name = Release;
		};
/* End XCBuildConfiguration section */

/* Begin XCConfigurationList section */
		FFDF9AF327F61F180069A7D0 /* Build configuration list for PBXProject "MetalRenderer" */ = {
			isa = XCConfigurationList;
			buildConfigurations = (
				FFDF9B0427F61F1F0069A7D0 /* Debug */,
				FFDF9B0527F61F1F0069A7D0 /* Release */,
			);
			defaultConfigurationIsVisible = 0;
			defaultConfigurationName = Release;
		};
		FFDF9B0627F61F1F0069A7D0 /* Build configuration list for PBXNativeTarget "MetalRenderer" */ = {
			isa = XCConfigurationList;
			buildConfigurations = (
				FFDF9B0727F61F1F0069A7D0 /* Debug */,
				FFDF9B0827F61F1F0069A7D0 /* Release */,
			);
			defaultConfigurationIsVisible = 0;
			defaultConfigurationName = Release;
		};
/* End XCConfigurationList section */

/* Begin XCSwiftPackageProductDependency section */
		FFC9043927FFC84B002B5754 /* Hearth */ = {
			isa = XCSwiftPackageProductDependency;
			productName = Hearth;
		};
		FFC9043B27FFC84F002B5754 /* Velour */ = {
			isa = XCSwiftPackageProductDependency;
			productName = Velour;
		};
/* End XCSwiftPackageProductDependency section */
	};
	rootObject = FFDF9AF027F61F180069A7D0 /* Project object */;
}
